
Microsoft Visual Studio Solution File, Format Version 12.00
# Visual Studio Version 17
VisualStudioVersion = 17.3.32819.101
MinimumVisualStudioVersion = 10.0.40219.1
Project("{8BC9CEB8-8B4A-11D0-8D11-00A0C91BC942}") = "Sandbox", "Sandbox\Sandbox.vcxproj", "{3FAFEFC8-820C-44FE-B3B9-5822632F7D3F}"
EndProject
Project("{8BC9CEB8-8B4A-11D0-8D11-00A0C91BC942}") = "Hazel", "Hazel\Hazel.vcxproj", "{BCC389A0-863D-4B01-8E8B-CD697448FF64}"
EndProject
Global
	GlobalSection(SolutionConfigurationPlatforms) = preSolution
		Debug|x64 = Debug|x64
		Release|x64 = Release|x64
	EndGlobalSection
	GlobalSection(ProjectConfigurationPlatforms) = postSolution
		{BCC389A0-863D-4B01-8E8B-CD697448FF64}.Debug|x64.ActiveCfg = Debug|x64
		{BCC389A0-863D-4B01-8E8B-CD697448FF64}.Debug|x64.Build.0 = Debug|x64
		{BCC389A0-863D-4B01-8E8B-CD697448FF64}.Release|x64.ActiveCfg = Release|x64
		{BCC389A0-863D-4B01-8E8B-CD697448FF64}.Release|x64.Build.0 = Release|x64
		{3FAFEFC8-820C-44FE-B3B9-5822632F7D3F}.Debug|x64.ActiveCfg = Debug|x64
		{3FAFEFC8-820C-44FE-B3B9-5822632F7D3F}.Debug|x64.Build.0 = Debug|x64
		{3FAFEFC8-820C-44FE-B3B9-5822632F7D3F}.Release|x64.ActiveCfg = Release|x64
		{3FAFEFC8-820C-44FE-B3B9-5822632F7D3F}.Release|x64.Build.0 = Release|x64
	EndGlobalSection
	GlobalSection(SolutionProperties) = preSolution
		HideSolutionNode = FALSE
	EndGlobalSection
	GlobalSection(ExtensibilityGlobals) = postSolution
		SolutionGuid = {0922DFB4-A3EA-4835-A058-BAF30CBFAEE1}
	EndGlobalSection
EndGlobal
